
Microsoft Visual Studio Solution File, Format Version 12.00
# Visual Studio Version 17
VisualStudioVersion = 17.4.33213.308
MinimumVisualStudioVersion = 10.0.40219.1
Project("{FAE04EC0-301F-11D3-BF4B-00C04F79EFBC}") = "FirstApplication.ConsoleApp", "FirstApplication.ConsoleApp\FirstApplication.ConsoleApp.csproj", "{99FB1376-14CD-49B1-B2F8-05CCFC6ABD83}"
EndProject
Global
	GlobalSection(SolutionConfigurationPlatforms) = preSolution
		Debug|Any CPU = Debug|Any CPU
		Release|Any CPU = Release|Any CPU
	EndGlobalSection
	GlobalSection(ProjectConfigurationPlatforms) = postSolution
		{99FB1376-14CD-49B1-B2F8-05CCFC6ABD83}.Debug|Any CPU.ActiveCfg = Debug|Any CPU
		{99FB1376-14CD-49B1-B2F8-05CCFC6ABD83}.Debug|Any CPU.Build.0 = Debug|Any CPU
		{99FB1376-14CD-49B1-B2F8-05CCFC6ABD83}.Release|Any CPU.ActiveCfg = Release|Any CPU
		{99FB1376-14CD-49B1-B2F8-05CCFC6ABD83}.Release|Any CPU.Build.0 = Release|Any CPU
	EndGlobalSection
	GlobalSection(SolutionProperties) = preSolution
		HideSolutionNode = FALSE
	EndGlobalSection
	GlobalSection(ExtensibilityGlobals) = postSolution
		SolutionGuid = {D83AE52A-05D2-4B3C-A157-D2846C8F4F06}
	EndGlobalSection
EndGlobal
